<?xml version="1.0" encoding="utf-8"?>
<Project ToolsVersion="4.0" xmlns="http://schemas.microsoft.com/developer/msbuild/2003">
  <ItemGroup>
    <Filter Include="Mazel">
      <UniqueIdentifier>{1EA4A70D-8AB8-CFBE-533A-731EBF0DCCEF}</UniqueIdentifier>
    </Filter>
    <Filter Include="Mazel\Events">
      <UniqueIdentifier>{42C253F3-2E25-E397-D7AA-1B4EC3ECAE1A}</UniqueIdentifier>
    </Filter>
  </ItemGroup>
  <ItemGroup>
    <ClInclude Include="src\Mazel.h" />
    <ClInclude Include="src\Mazel\Application.h">
      <Filter>Mazel</Filter>
    </ClInclude>
    <ClInclude Include="src\Mazel\Core.h">
      <Filter>Mazel</Filter>
    </ClInclude>
    <ClInclude Include="src\Mazel\EntryPoint.h">
      <Filter>Mazel</Filter>
    </ClInclude>
    <ClInclude Include="src\Mazel\Events\ApplicationEvent.h">
      <Filter>Mazel\Events</Filter>
    </ClInclude>
    <ClInclude Include="src\Mazel\Events\Event.h">
      <Filter>Mazel\Events</Filter>
    </ClInclude>
    <ClInclude Include="src\Mazel\Events\KeyEvent.h">
      <Filter>Mazel\Events</Filter>
    </ClInclude>
    <ClInclude Include="src\Mazel\Events\MouseEvent.h">
      <Filter>Mazel\Events</Filter>
    </ClInclude>
    <ClInclude Include="src\Mazel\Log.h">
      <Filter>Mazel</Filter>
    </ClInclude>
    <ClInclude Include="src\mzpch.h" />
    <ClInclude Include="src\Mazel\Window.h" />
    <ClInclude Include="src\Platform\Windows\WindowsWindow.h" />
  </ItemGroup>
  <ItemGroup>
    <ClCompile Include="src\Mazel\Application.cpp">
      <Filter>Mazel</Filter>
    </ClCompile>
    <ClCompile Include="src\Mazel\Log.cpp">
      <Filter>Mazel</Filter>
    </ClCompile>
    <ClCompile Include="src\mzpch.cpp" />
    <ClCompile Include="src\Platform\Windows\WindowsWindow.cpp" />
  </ItemGroup>
</Project>