<?xml version="1.0" encoding="utf-8"?>
<Project ToolsVersion="4.0" xmlns="http://schemas.microsoft.com/developer/msbuild/2003">
  <ItemGroup>
    <Filter Include="Mazel">
      <UniqueIdentifier>{1EA4A70D-8AB8-CFBE-533A-731EBF0DCCEF}</UniqueIdentifier>
    </Filter>
  </ItemGroup>
  <ItemGroup>
    <ClInclude Include="src\Mazel.h" />
    <ClInclude Include="src\Mazel\Application.h">
      <Filter>Mazel</Filter>
    </ClInclude>
    <ClInclude Include="src\Mazel\Core.h">
      <Filter>Mazel</Filter>
    </ClInclude>
    <ClInclude Include="src\Mazel\EntryPoint.h">
      <Filter>Mazel</Filter>
    </ClInclude>
    <ClInclude Include="src\Mazel\Log.h">
      <Filter>Mazel</Filter>
    </ClInclude>
  </ItemGroup>
  <ItemGroup>
    <ClCompile Include="src\Mazel\Application.cpp">
      <Filter>Mazel</Filter>
    </ClCompile>
    <ClCompile Include="src\Mazel\Log.cpp">
      <Filter>Mazel</Filter>
    </ClCompile>
  </ItemGroup>
</Project>